
Microsoft Visual Studio Solution File, Format Version 12.00
# Visual Studio 2013
VisualStudioVersion = 12.0.31101.0
MinimumVisualStudioVersion = 10.0.40219.1
Project("{FAE04EC0-301F-11D3-BF4B-00C04F79EFBC}") = "Windawesome", "Windawesome\Windawesome.csproj", "{90BCA858-A66A-42BF-A560-F956550FF9FE}"
EndProject
Project("{2150E333-8FDC-42A3-9474-1A3956D46DE8}") = "00_Solution Items", "00_Solution Items", "{354EF524-746F-47B0-B9F8-4A9C0F2DE872}"
	ProjectSection(SolutionItems) = preProject
		app_version.xml = app_version.xml
	EndProjectSection
EndProject
Project("{2150E333-8FDC-42A3-9474-1A3956D46DE8}") = ".nuget", ".nuget", "{FF508F62-EA59-48E7-9CCB-E6E2745D1D71}"
	ProjectSection(SolutionItems) = preProject
		.nuget\NuGet.Config = .nuget\NuGet.Config
		.nuget\NuGet.exe = .nuget\NuGet.exe
		.nuget\NuGet.targets = .nuget\NuGet.targets
	EndProjectSection
EndProject
Project("{2150E333-8FDC-42A3-9474-1A3956D46DE8}") = "03_Layouts", "03_Layouts", "{5B0F6980-745A-4FDA-A47F-03C5F4014CDC}"
EndProject
Project("{2150E333-8FDC-42A3-9474-1A3956D46DE8}") = "02_Plugins", "02_Plugins", "{9E6A82BE-824C-4615-A27E-A96271E9CF47}"
EndProject
Project("{2150E333-8FDC-42A3-9474-1A3956D46DE8}") = "01_Native", "01_Native", "{519E692C-0BED-4B09-A725-0F289351D004}"
EndProject
Project("{FAE04EC0-301F-11D3-BF4B-00C04F79EFBC}") = "TileLayout", "Layouts\TileLayout\TileLayout.csproj", "{720B613C-08A1-44EB-A5C0-7F35A16D7EC6}"
EndProject
Project("{FAE04EC0-301F-11D3-BF4B-00C04F79EFBC}") = "ShortcutsManager", "Plugins\ShortcutsManager\ShortcutsManager.csproj", "{F708858D-F410-437B-997E-1373E44C5DA4}"
EndProject
Project("{FAE04EC0-301F-11D3-BF4B-00C04F79EFBC}") = "WindowSubclassingCSharp", "Plugins\WindowSubclassingCSharp\WindowSubclassingCSharp.csproj", "{3A9C3694-8057-43E3-B9B0-1487DBF80CB1}"
EndProject
Project("{8BC9CEB8-8B4A-11D0-8D11-00A0C91BC942}") = "GlobalShellHook", "Native\GlobalShellHook\GlobalShellHook.vcxproj", "{A16BB20E-4E10-4C13-9BF4-F945FCE4E87C}"
EndProject
Project("{8BC9CEB8-8B4A-11D0-8D11-00A0C91BC942}") = "Helpers", "Native\Helpers\Helpers.vcxproj", "{B4A776E4-4C87-44B6-AFD6-A4996EE38330}"
EndProject
Project("{8BC9CEB8-8B4A-11D0-8D11-00A0C91BC942}") = "SystemTrayHook", "Native\SystemTrayHook\SystemTrayHook.vcxproj", "{4B1EDA49-44B3-49BC-9B5D-B3F602FDBDBD}"
EndProject
Project("{8BC9CEB8-8B4A-11D0-8D11-00A0C91BC942}") = "WindowSubclassing", "Native\WindowSubclassing\WindowSubclassing.vcxproj", "{67670ECC-FD00-4B7C-8748-00A168FA9768}"
EndProject
Project("{FAE04EC0-301F-11D3-BF4B-00C04F79EFBC}") = "FullScreenLayout", "Layouts\FullScreenLayout\FullScreenLayout.csproj", "{10CE8BA0-3C27-46D3-ADD9-BE5BEDD474C4}"
EndProject
Project("{FAE04EC0-301F-11D3-BF4B-00C04F79EFBC}") = "FloatingLayout", "Layouts\FloatingLayout\FloatingLayout.csproj", "{B2EEF736-8F0A-4C64-AB2F-4BEC7FEB9924}"
EndProject
Project("{FAE04EC0-301F-11D3-BF4B-00C04F79EFBC}") = "InputLanguageChangerPlugin", "Plugins\InputLanguageChangerPlugin\InputLanguageChangerPlugin.csproj", "{8F5937BA-4F3A-43FD-BEC5-90DDBB32C903}"
EndProject
Project("{FAE04EC0-301F-11D3-BF4B-00C04F79EFBC}") = "LoggerPlugin", "Plugins\LoggerPlugin\LoggerPlugin.csproj", "{BEFE76CC-ADFC-4ADB-9D97-9A62EE9AFBCB}"
EndProject
Project("{FAE04EC0-301F-11D3-BF4B-00C04F79EFBC}") = "WindawesomeIrb", "WindawesomeIrb\WindawesomeIrb.csproj", "{D8921E28-C16E-47D9-A804-E64138E3A826}"
EndProject
Global
	GlobalSection(SolutionConfigurationPlatforms) = preSolution
		Debug|Win32 = Debug|Win32
		Debug|x64 = Debug|x64
		Debug|x86 = Debug|x86
		Profiling|Win32 = Profiling|Win32
		Profiling|x64 = Profiling|x64
		Profiling|x86 = Profiling|x86
		Release Profiling|Win32 = Release Profiling|Win32
		Release Profiling|x64 = Release Profiling|x64
		Release Profiling|x86 = Release Profiling|x86
		Release|Win32 = Release|Win32
		Release|x64 = Release|x64
		Release|x86 = Release|x86
	EndGlobalSection
	GlobalSection(ProjectConfigurationPlatforms) = postSolution
		{90BCA858-A66A-42BF-A560-F956550FF9FE}.Debug|Win32.ActiveCfg = Debug|x86
		{90BCA858-A66A-42BF-A560-F956550FF9FE}.Debug|Win32.Build.0 = Debug|x86
		{90BCA858-A66A-42BF-A560-F956550FF9FE}.Debug|x64.ActiveCfg = Debug|x64
		{90BCA858-A66A-42BF-A560-F956550FF9FE}.Debug|x64.Build.0 = Debug|x64
		{90BCA858-A66A-42BF-A560-F956550FF9FE}.Debug|x86.ActiveCfg = Debug|x86
		{90BCA858-A66A-42BF-A560-F956550FF9FE}.Debug|x86.Build.0 = Debug|x86
		{90BCA858-A66A-42BF-A560-F956550FF9FE}.Profiling|Win32.ActiveCfg = Release|x86
		{90BCA858-A66A-42BF-A560-F956550FF9FE}.Profiling|Win32.Build.0 = Release|x86
		{90BCA858-A66A-42BF-A560-F956550FF9FE}.Profiling|x64.ActiveCfg = Debug|x64
		{90BCA858-A66A-42BF-A560-F956550FF9FE}.Profiling|x64.Build.0 = Debug|x64
		{90BCA858-A66A-42BF-A560-F956550FF9FE}.Profiling|x86.ActiveCfg = Debug|x86
		{90BCA858-A66A-42BF-A560-F956550FF9FE}.Profiling|x86.Build.0 = Debug|x86
		{90BCA858-A66A-42BF-A560-F956550FF9FE}.Release Profiling|Win32.ActiveCfg = Release|x86
		{90BCA858-A66A-42BF-A560-F956550FF9FE}.Release Profiling|Win32.Build.0 = Release|x86
		{90BCA858-A66A-42BF-A560-F956550FF9FE}.Release Profiling|x64.ActiveCfg = Release|x64
		{90BCA858-A66A-42BF-A560-F956550FF9FE}.Release Profiling|x64.Build.0 = Release|x64
		{90BCA858-A66A-42BF-A560-F956550FF9FE}.Release Profiling|x86.ActiveCfg = Release|x86
		{90BCA858-A66A-42BF-A560-F956550FF9FE}.Release Profiling|x86.Build.0 = Release|x86
		{90BCA858-A66A-42BF-A560-F956550FF9FE}.Release|Win32.ActiveCfg = Release|x86
		{90BCA858-A66A-42BF-A560-F956550FF9FE}.Release|Win32.Build.0 = Release|x86
		{90BCA858-A66A-42BF-A560-F956550FF9FE}.Release|x64.ActiveCfg = Release|x64
		{90BCA858-A66A-42BF-A560-F956550FF9FE}.Release|x64.Build.0 = Release|x64
		{90BCA858-A66A-42BF-A560-F956550FF9FE}.Release|x86.ActiveCfg = Release|x86
		{90BCA858-A66A-42BF-A560-F956550FF9FE}.Release|x86.Build.0 = Release|x86
		{720B613C-08A1-44EB-A5C0-7F35A16D7EC6}.Debug|Win32.ActiveCfg = Debug|x86
		{720B613C-08A1-44EB-A5C0-7F35A16D7EC6}.Debug|Win32.Build.0 = Debug|x86
		{720B613C-08A1-44EB-A5C0-7F35A16D7EC6}.Debug|x64.ActiveCfg = Debug|x64
		{720B613C-08A1-44EB-A5C0-7F35A16D7EC6}.Debug|x64.Build.0 = Debug|x64
		{720B613C-08A1-44EB-A5C0-7F35A16D7EC6}.Debug|x86.ActiveCfg = Debug|x86
		{720B613C-08A1-44EB-A5C0-7F35A16D7EC6}.Debug|x86.Build.0 = Debug|x86
		{720B613C-08A1-44EB-A5C0-7F35A16D7EC6}.Profiling|Win32.ActiveCfg = Release|x86
		{720B613C-08A1-44EB-A5C0-7F35A16D7EC6}.Profiling|Win32.Build.0 = Release|x86
		{720B613C-08A1-44EB-A5C0-7F35A16D7EC6}.Profiling|x64.ActiveCfg = Release|x64
		{720B613C-08A1-44EB-A5C0-7F35A16D7EC6}.Profiling|x64.Build.0 = Release|x64
		{720B613C-08A1-44EB-A5C0-7F35A16D7EC6}.Profiling|x86.ActiveCfg = Release|x86
		{720B613C-08A1-44EB-A5C0-7F35A16D7EC6}.Profiling|x86.Build.0 = Release|x86
		{720B613C-08A1-44EB-A5C0-7F35A16D7EC6}.Release Profiling|Win32.ActiveCfg = Release|x86
		{720B613C-08A1-44EB-A5C0-7F35A16D7EC6}.Release Profiling|Win32.Build.0 = Release|x86
		{720B613C-08A1-44EB-A5C0-7F35A16D7EC6}.Release Profiling|x64.ActiveCfg = Release|x64
		{720B613C-08A1-44EB-A5C0-7F35A16D7EC6}.Release Profiling|x64.Build.0 = Release|x64
		{720B613C-08A1-44EB-A5C0-7F35A16D7EC6}.Release Profiling|x86.ActiveCfg = Release|x86
		{720B613C-08A1-44EB-A5C0-7F35A16D7EC6}.Release Profiling|x86.Build.0 = Release|x86
		{720B613C-08A1-44EB-A5C0-7F35A16D7EC6}.Release|Win32.ActiveCfg = Release|x86
		{720B613C-08A1-44EB-A5C0-7F35A16D7EC6}.Release|Win32.Build.0 = Release|x86
		{720B613C-08A1-44EB-A5C0-7F35A16D7EC6}.Release|x64.ActiveCfg = Release|x64
		{720B613C-08A1-44EB-A5C0-7F35A16D7EC6}.Release|x64.Build.0 = Release|x64
		{720B613C-08A1-44EB-A5C0-7F35A16D7EC6}.Release|x86.ActiveCfg = Release|x86
		{720B613C-08A1-44EB-A5C0-7F35A16D7EC6}.Release|x86.Build.0 = Release|x86
		{F708858D-F410-437B-997E-1373E44C5DA4}.Debug|Win32.ActiveCfg = Debug|x86
		{F708858D-F410-437B-997E-1373E44C5DA4}.Debug|Win32.Build.0 = Debug|x86
		{F708858D-F410-437B-997E-1373E44C5DA4}.Debug|x64.ActiveCfg = Debug|x64
		{F708858D-F410-437B-997E-1373E44C5DA4}.Debug|x64.Build.0 = Debug|x64
		{F708858D-F410-437B-997E-1373E44C5DA4}.Debug|x86.ActiveCfg = Debug|x86
		{F708858D-F410-437B-997E-1373E44C5DA4}.Debug|x86.Build.0 = Debug|x86
		{F708858D-F410-437B-997E-1373E44C5DA4}.Profiling|Win32.ActiveCfg = Release|x86
		{F708858D-F410-437B-997E-1373E44C5DA4}.Profiling|Win32.Build.0 = Release|x86
		{F708858D-F410-437B-997E-1373E44C5DA4}.Profiling|x64.ActiveCfg = Release|x64
		{F708858D-F410-437B-997E-1373E44C5DA4}.Profiling|x64.Build.0 = Release|x64
		{F708858D-F410-437B-997E-1373E44C5DA4}.Profiling|x86.ActiveCfg = Release|x86
		{F708858D-F410-437B-997E-1373E44C5DA4}.Profiling|x86.Build.0 = Release|x86
		{F708858D-F410-437B-997E-1373E44C5DA4}.Release Profiling|Win32.ActiveCfg = Release|x86
		{F708858D-F410-437B-997E-1373E44C5DA4}.Release Profiling|Win32.Build.0 = Release|x86
		{F708858D-F410-437B-997E-1373E44C5DA4}.Release Profiling|x64.ActiveCfg = Release|x64
		{F708858D-F410-437B-997E-1373E44C5DA4}.Release Profiling|x64.Build.0 = Release|x64
		{F708858D-F410-437B-997E-1373E44C5DA4}.Release Profiling|x86.ActiveCfg = Release|x86
		{F708858D-F410-437B-997E-1373E44C5DA4}.Release Profiling|x86.Build.0 = Release|x86
		{F708858D-F410-437B-997E-1373E44C5DA4}.Release|Win32.ActiveCfg = Release|x86
		{F708858D-F410-437B-997E-1373E44C5DA4}.Release|Win32.Build.0 = Release|x86
		{F708858D-F410-437B-997E-1373E44C5DA4}.Release|x64.ActiveCfg = Release|x64
		{F708858D-F410-437B-997E-1373E44C5DA4}.Release|x64.Build.0 = Release|x64
		{F708858D-F410-437B-997E-1373E44C5DA4}.Release|x86.ActiveCfg = Release|x86
		{F708858D-F410-437B-997E-1373E44C5DA4}.Release|x86.Build.0 = Release|x86
		{3A9C3694-8057-43E3-B9B0-1487DBF80CB1}.Debug|Win32.ActiveCfg = Debug|x86
		{3A9C3694-8057-43E3-B9B0-1487DBF80CB1}.Debug|Win32.Build.0 = Debug|x86
		{3A9C3694-8057-43E3-B9B0-1487DBF80CB1}.Debug|x64.ActiveCfg = Debug|x64
		{3A9C3694-8057-43E3-B9B0-1487DBF80CB1}.Debug|x64.Build.0 = Debug|x64
		{3A9C3694-8057-43E3-B9B0-1487DBF80CB1}.Debug|x86.ActiveCfg = Debug|x86
		{3A9C3694-8057-43E3-B9B0-1487DBF80CB1}.Debug|x86.Build.0 = Debug|x86
		{3A9C3694-8057-43E3-B9B0-1487DBF80CB1}.Profiling|Win32.ActiveCfg = Release Profiling|x86
		{3A9C3694-8057-43E3-B9B0-1487DBF80CB1}.Profiling|Win32.Build.0 = Release Profiling|x86
		{3A9C3694-8057-43E3-B9B0-1487DBF80CB1}.Profiling|x64.ActiveCfg = Release Profiling|x64
		{3A9C3694-8057-43E3-B9B0-1487DBF80CB1}.Profiling|x64.Build.0 = Release Profiling|x64
		{3A9C3694-8057-43E3-B9B0-1487DBF80CB1}.Profiling|x86.ActiveCfg = Release Profiling|x86
		{3A9C3694-8057-43E3-B9B0-1487DBF80CB1}.Profiling|x86.Build.0 = Release Profiling|x86
		{3A9C3694-8057-43E3-B9B0-1487DBF80CB1}.Release Profiling|Win32.ActiveCfg = Release Profiling|x86
		{3A9C3694-8057-43E3-B9B0-1487DBF80CB1}.Release Profiling|Win32.Build.0 = Release Profiling|x86
		{3A9C3694-8057-43E3-B9B0-1487DBF80CB1}.Release Profiling|x64.ActiveCfg = Release Profiling|x64
		{3A9C3694-8057-43E3-B9B0-1487DBF80CB1}.Release Profiling|x64.Build.0 = Release Profiling|x64
		{3A9C3694-8057-43E3-B9B0-1487DBF80CB1}.Release Profiling|x86.ActiveCfg = Release Profiling|x86
		{3A9C3694-8057-43E3-B9B0-1487DBF80CB1}.Release Profiling|x86.Build.0 = Release Profiling|x86
		{3A9C3694-8057-43E3-B9B0-1487DBF80CB1}.Release|Win32.ActiveCfg = Release|x86
		{3A9C3694-8057-43E3-B9B0-1487DBF80CB1}.Release|Win32.Build.0 = Release|x86
		{3A9C3694-8057-43E3-B9B0-1487DBF80CB1}.Release|x64.ActiveCfg = Release|x64
		{3A9C3694-8057-43E3-B9B0-1487DBF80CB1}.Release|x64.Build.0 = Release|x64
		{3A9C3694-8057-43E3-B9B0-1487DBF80CB1}.Release|x86.ActiveCfg = Release|x86
		{3A9C3694-8057-43E3-B9B0-1487DBF80CB1}.Release|x86.Build.0 = Release|x86
		{A16BB20E-4E10-4C13-9BF4-F945FCE4E87C}.Debug|Win32.ActiveCfg = Debug|Win32
		{A16BB20E-4E10-4C13-9BF4-F945FCE4E87C}.Debug|Win32.Build.0 = Debug|Win32
		{A16BB20E-4E10-4C13-9BF4-F945FCE4E87C}.Debug|x64.ActiveCfg = Debug|x64
		{A16BB20E-4E10-4C13-9BF4-F945FCE4E87C}.Debug|x64.Build.0 = Debug|x64
		{A16BB20E-4E10-4C13-9BF4-F945FCE4E87C}.Debug|x86.ActiveCfg = Debug|Win32
		{A16BB20E-4E10-4C13-9BF4-F945FCE4E87C}.Debug|x86.Build.0 = Debug|Win32
		{A16BB20E-4E10-4C13-9BF4-F945FCE4E87C}.Profiling|Win32.ActiveCfg = Release|Win32
		{A16BB20E-4E10-4C13-9BF4-F945FCE4E87C}.Profiling|Win32.Build.0 = Release|Win32
		{A16BB20E-4E10-4C13-9BF4-F945FCE4E87C}.Profiling|x64.ActiveCfg = Release|x64
		{A16BB20E-4E10-4C13-9BF4-F945FCE4E87C}.Profiling|x64.Build.0 = Release|x64
		{A16BB20E-4E10-4C13-9BF4-F945FCE4E87C}.Profiling|x86.ActiveCfg = Release|Win32
		{A16BB20E-4E10-4C13-9BF4-F945FCE4E87C}.Profiling|x86.Build.0 = Release|Win32
		{A16BB20E-4E10-4C13-9BF4-F945FCE4E87C}.Release Profiling|Win32.ActiveCfg = Release|Win32
		{A16BB20E-4E10-4C13-9BF4-F945FCE4E87C}.Release Profiling|Win32.Build.0 = Release|Win32
		{A16BB20E-4E10-4C13-9BF4-F945FCE4E87C}.Release Profiling|x64.ActiveCfg = Release|x64
		{A16BB20E-4E10-4C13-9BF4-F945FCE4E87C}.Release Profiling|x64.Build.0 = Release|x64
		{A16BB20E-4E10-4C13-9BF4-F945FCE4E87C}.Release Profiling|x86.ActiveCfg = Release|Win32
		{A16BB20E-4E10-4C13-9BF4-F945FCE4E87C}.Release Profiling|x86.Build.0 = Release|Win32
		{A16BB20E-4E10-4C13-9BF4-F945FCE4E87C}.Release|Win32.ActiveCfg = Release|Win32
		{A16BB20E-4E10-4C13-9BF4-F945FCE4E87C}.Release|Win32.Build.0 = Release|Win32
		{A16BB20E-4E10-4C13-9BF4-F945FCE4E87C}.Release|x64.ActiveCfg = Release|x64
		{A16BB20E-4E10-4C13-9BF4-F945FCE4E87C}.Release|x64.Build.0 = Release|x64
		{A16BB20E-4E10-4C13-9BF4-F945FCE4E87C}.Release|x86.ActiveCfg = Release|Win32
		{A16BB20E-4E10-4C13-9BF4-F945FCE4E87C}.Release|x86.Build.0 = Release|Win32
		{B4A776E4-4C87-44B6-AFD6-A4996EE38330}.Debug|Win32.ActiveCfg = Debug|Win32
		{B4A776E4-4C87-44B6-AFD6-A4996EE38330}.Debug|Win32.Build.0 = Debug|Win32
		{B4A776E4-4C87-44B6-AFD6-A4996EE38330}.Debug|x64.ActiveCfg = Debug|x64
		{B4A776E4-4C87-44B6-AFD6-A4996EE38330}.Debug|x64.Build.0 = Debug|x64
		{B4A776E4-4C87-44B6-AFD6-A4996EE38330}.Debug|x86.ActiveCfg = Debug|Win32
		{B4A776E4-4C87-44B6-AFD6-A4996EE38330}.Debug|x86.Build.0 = Debug|Win32
		{B4A776E4-4C87-44B6-AFD6-A4996EE38330}.Profiling|Win32.ActiveCfg = Release|Win32
		{B4A776E4-4C87-44B6-AFD6-A4996EE38330}.Profiling|Win32.Build.0 = Release|Win32
		{B4A776E4-4C87-44B6-AFD6-A4996EE38330}.Profiling|x64.ActiveCfg = Release|x64
		{B4A776E4-4C87-44B6-AFD6-A4996EE38330}.Profiling|x64.Build.0 = Release|x64
		{B4A776E4-4C87-44B6-AFD6-A4996EE38330}.Profiling|x86.ActiveCfg = Release|Win32
		{B4A776E4-4C87-44B6-AFD6-A4996EE38330}.Profiling|x86.Build.0 = Release|Win32
		{B4A776E4-4C87-44B6-AFD6-A4996EE38330}.Release Profiling|Win32.ActiveCfg = Release|Win32
		{B4A776E4-4C87-44B6-AFD6-A4996EE38330}.Release Profiling|Win32.Build.0 = Release|Win32
		{B4A776E4-4C87-44B6-AFD6-A4996EE38330}.Release Profiling|x64.ActiveCfg = Release|x64
		{B4A776E4-4C87-44B6-AFD6-A4996EE38330}.Release Profiling|x64.Build.0 = Release|x64
		{B4A776E4-4C87-44B6-AFD6-A4996EE38330}.Release Profiling|x86.ActiveCfg = Release|Win32
		{B4A776E4-4C87-44B6-AFD6-A4996EE38330}.Release Profiling|x86.Build.0 = Release|Win32
		{B4A776E4-4C87-44B6-AFD6-A4996EE38330}.Release|Win32.ActiveCfg = Release|Win32
		{B4A776E4-4C87-44B6-AFD6-A4996EE38330}.Release|Win32.Build.0 = Release|Win32
		{B4A776E4-4C87-44B6-AFD6-A4996EE38330}.Release|x64.ActiveCfg = Release|x64
		{B4A776E4-4C87-44B6-AFD6-A4996EE38330}.Release|x64.Build.0 = Release|x64
		{B4A776E4-4C87-44B6-AFD6-A4996EE38330}.Release|x86.ActiveCfg = Release|Win32
		{B4A776E4-4C87-44B6-AFD6-A4996EE38330}.Release|x86.Build.0 = Release|Win32
		{4B1EDA49-44B3-49BC-9B5D-B3F602FDBDBD}.Debug|Win32.ActiveCfg = Debug|Win32
		{4B1EDA49-44B3-49BC-9B5D-B3F602FDBDBD}.Debug|Win32.Build.0 = Debug|Win32
		{4B1EDA49-44B3-49BC-9B5D-B3F602FDBDBD}.Debug|x64.ActiveCfg = Debug|x64
		{4B1EDA49-44B3-49BC-9B5D-B3F602FDBDBD}.Debug|x64.Build.0 = Debug|x64
		{4B1EDA49-44B3-49BC-9B5D-B3F602FDBDBD}.Debug|x86.ActiveCfg = Debug|Win32
		{4B1EDA49-44B3-49BC-9B5D-B3F602FDBDBD}.Debug|x86.Build.0 = Debug|Win32
		{4B1EDA49-44B3-49BC-9B5D-B3F602FDBDBD}.Profiling|Win32.ActiveCfg = Release|Win32
		{4B1EDA49-44B3-49BC-9B5D-B3F602FDBDBD}.Profiling|Win32.Build.0 = Release|Win32
		{4B1EDA49-44B3-49BC-9B5D-B3F602FDBDBD}.Profiling|x64.ActiveCfg = Release|x64
		{4B1EDA49-44B3-49BC-9B5D-B3F602FDBDBD}.Profiling|x64.Build.0 = Release|x64
		{4B1EDA49-44B3-49BC-9B5D-B3F602FDBDBD}.Profiling|x86.ActiveCfg = Release|Win32
		{4B1EDA49-44B3-49BC-9B5D-B3F602FDBDBD}.Profiling|x86.Build.0 = Release|Win32
		{4B1EDA49-44B3-49BC-9B5D-B3F602FDBDBD}.Release Profiling|Win32.ActiveCfg = Release|Win32
		{4B1EDA49-44B3-49BC-9B5D-B3F602FDBDBD}.Release Profiling|Win32.Build.0 = Release|Win32
		{4B1EDA49-44B3-49BC-9B5D-B3F602FDBDBD}.Release Profiling|x64.ActiveCfg = Release|x64
		{4B1EDA49-44B3-49BC-9B5D-B3F602FDBDBD}.Release Profiling|x64.Build.0 = Release|x64
		{4B1EDA49-44B3-49BC-9B5D-B3F602FDBDBD}.Release Profiling|x86.ActiveCfg = Release|Win32
		{4B1EDA49-44B3-49BC-9B5D-B3F602FDBDBD}.Release Profiling|x86.Build.0 = Release|Win32
		{4B1EDA49-44B3-49BC-9B5D-B3F602FDBDBD}.Release|Win32.ActiveCfg = Release|Win32
		{4B1EDA49-44B3-49BC-9B5D-B3F602FDBDBD}.Release|Win32.Build.0 = Release|Win32
		{4B1EDA49-44B3-49BC-9B5D-B3F602FDBDBD}.Release|x64.ActiveCfg = Release|x64
		{4B1EDA49-44B3-49BC-9B5D-B3F602FDBDBD}.Release|x64.Build.0 = Release|x64
		{4B1EDA49-44B3-49BC-9B5D-B3F602FDBDBD}.Release|x86.ActiveCfg = Release|Win32
		{4B1EDA49-44B3-49BC-9B5D-B3F602FDBDBD}.Release|x86.Build.0 = Release|Win32
		{67670ECC-FD00-4B7C-8748-00A168FA9768}.Debug|Win32.ActiveCfg = Debug|Win32
		{67670ECC-FD00-4B7C-8748-00A168FA9768}.Debug|Win32.Build.0 = Debug|Win32
		{67670ECC-FD00-4B7C-8748-00A168FA9768}.Debug|x64.ActiveCfg = Debug|x64
		{67670ECC-FD00-4B7C-8748-00A168FA9768}.Debug|x64.Build.0 = Debug|x64
		{67670ECC-FD00-4B7C-8748-00A168FA9768}.Debug|x86.ActiveCfg = Debug|Win32
		{67670ECC-FD00-4B7C-8748-00A168FA9768}.Debug|x86.Build.0 = Debug|Win32
		{67670ECC-FD00-4B7C-8748-00A168FA9768}.Profiling|Win32.ActiveCfg = Release Profiling|Win32
		{67670ECC-FD00-4B7C-8748-00A168FA9768}.Profiling|Win32.Build.0 = Release Profiling|Win32
		{67670ECC-FD00-4B7C-8748-00A168FA9768}.Profiling|x64.ActiveCfg = Release Profiling|x64
		{67670ECC-FD00-4B7C-8748-00A168FA9768}.Profiling|x64.Build.0 = Release Profiling|x64
		{67670ECC-FD00-4B7C-8748-00A168FA9768}.Profiling|x86.ActiveCfg = Release Profiling|Win32
		{67670ECC-FD00-4B7C-8748-00A168FA9768}.Profiling|x86.Build.0 = Release Profiling|Win32
		{67670ECC-FD00-4B7C-8748-00A168FA9768}.Release Profiling|Win32.ActiveCfg = Release Profiling|Win32
		{67670ECC-FD00-4B7C-8748-00A168FA9768}.Release Profiling|Win32.Build.0 = Release Profiling|Win32
		{67670ECC-FD00-4B7C-8748-00A168FA9768}.Release Profiling|x64.ActiveCfg = Release Profiling|x64
		{67670ECC-FD00-4B7C-8748-00A168FA9768}.Release Profiling|x64.Build.0 = Release Profiling|x64
		{67670ECC-FD00-4B7C-8748-00A168FA9768}.Release Profiling|x86.ActiveCfg = Release Profiling|Win32
		{67670ECC-FD00-4B7C-8748-00A168FA9768}.Release Profiling|x86.Build.0 = Release Profiling|Win32
		{67670ECC-FD00-4B7C-8748-00A168FA9768}.Release|Win32.ActiveCfg = Release|Win32
		{67670ECC-FD00-4B7C-8748-00A168FA9768}.Release|Win32.Build.0 = Release|Win32
		{67670ECC-FD00-4B7C-8748-00A168FA9768}.Release|x64.ActiveCfg = Release|x64
		{67670ECC-FD00-4B7C-8748-00A168FA9768}.Release|x64.Build.0 = Release|x64
		{67670ECC-FD00-4B7C-8748-00A168FA9768}.Release|x86.ActiveCfg = Release|Win32
		{67670ECC-FD00-4B7C-8748-00A168FA9768}.Release|x86.Build.0 = Release|Win32
		{10CE8BA0-3C27-46D3-ADD9-BE5BEDD474C4}.Debug|Win32.ActiveCfg = Debug|x86
		{10CE8BA0-3C27-46D3-ADD9-BE5BEDD474C4}.Debug|Win32.Build.0 = Debug|x86
		{10CE8BA0-3C27-46D3-ADD9-BE5BEDD474C4}.Debug|x64.ActiveCfg = Debug|x64
		{10CE8BA0-3C27-46D3-ADD9-BE5BEDD474C4}.Debug|x64.Build.0 = Debug|x64
		{10CE8BA0-3C27-46D3-ADD9-BE5BEDD474C4}.Debug|x86.ActiveCfg = Debug|x86
		{10CE8BA0-3C27-46D3-ADD9-BE5BEDD474C4}.Debug|x86.Build.0 = Debug|x86
		{10CE8BA0-3C27-46D3-ADD9-BE5BEDD474C4}.Profiling|Win32.ActiveCfg = Release|x86
		{10CE8BA0-3C27-46D3-ADD9-BE5BEDD474C4}.Profiling|Win32.Build.0 = Release|x86
		{10CE8BA0-3C27-46D3-ADD9-BE5BEDD474C4}.Profiling|x64.ActiveCfg = Release|x64
		{10CE8BA0-3C27-46D3-ADD9-BE5BEDD474C4}.Profiling|x64.Build.0 = Release|x64
		{10CE8BA0-3C27-46D3-ADD9-BE5BEDD474C4}.Profiling|x86.ActiveCfg = Release|x86
		{10CE8BA0-3C27-46D3-ADD9-BE5BEDD474C4}.Profiling|x86.Build.0 = Release|x86
		{10CE8BA0-3C27-46D3-ADD9-BE5BEDD474C4}.Release Profiling|Win32.ActiveCfg = Release|x86
		{10CE8BA0-3C27-46D3-ADD9-BE5BEDD474C4}.Release Profiling|Win32.Build.0 = Release|x86
		{10CE8BA0-3C27-46D3-ADD9-BE5BEDD474C4}.Release Profiling|x64.ActiveCfg = Release|x64
		{10CE8BA0-3C27-46D3-ADD9-BE5BEDD474C4}.Release Profiling|x64.Build.0 = Release|x64
		{10CE8BA0-3C27-46D3-ADD9-BE5BEDD474C4}.Release Profiling|x86.ActiveCfg = Release|x86
		{10CE8BA0-3C27-46D3-ADD9-BE5BEDD474C4}.Release Profiling|x86.Build.0 = Release|x86
		{10CE8BA0-3C27-46D3-ADD9-BE5BEDD474C4}.Release|Win32.ActiveCfg = Release|x86
		{10CE8BA0-3C27-46D3-ADD9-BE5BEDD474C4}.Release|Win32.Build.0 = Release|x86
		{10CE8BA0-3C27-46D3-ADD9-BE5BEDD474C4}.Release|x64.ActiveCfg = Release|x64
		{10CE8BA0-3C27-46D3-ADD9-BE5BEDD474C4}.Release|x64.Build.0 = Release|x64
		{10CE8BA0-3C27-46D3-ADD9-BE5BEDD474C4}.Release|x86.ActiveCfg = Release|x86
		{10CE8BA0-3C27-46D3-ADD9-BE5BEDD474C4}.Release|x86.Build.0 = Release|x86
		{B2EEF736-8F0A-4C64-AB2F-4BEC7FEB9924}.Debug|Win32.ActiveCfg = Debug|x86
		{B2EEF736-8F0A-4C64-AB2F-4BEC7FEB9924}.Debug|Win32.Build.0 = Debug|x86
		{B2EEF736-8F0A-4C64-AB2F-4BEC7FEB9924}.Debug|x64.ActiveCfg = Debug|x64
		{B2EEF736-8F0A-4C64-AB2F-4BEC7FEB9924}.Debug|x64.Build.0 = Debug|x64
		{B2EEF736-8F0A-4C64-AB2F-4BEC7FEB9924}.Debug|x86.ActiveCfg = Debug|x86
		{B2EEF736-8F0A-4C64-AB2F-4BEC7FEB9924}.Debug|x86.Build.0 = Debug|x86
		{B2EEF736-8F0A-4C64-AB2F-4BEC7FEB9924}.Profiling|Win32.ActiveCfg = Release|x86
		{B2EEF736-8F0A-4C64-AB2F-4BEC7FEB9924}.Profiling|Win32.Build.0 = Release|x86
		{B2EEF736-8F0A-4C64-AB2F-4BEC7FEB9924}.Profiling|x64.ActiveCfg = Release|x64
		{B2EEF736-8F0A-4C64-AB2F-4BEC7FEB9924}.Profiling|x64.Build.0 = Release|x64
		{B2EEF736-8F0A-4C64-AB2F-4BEC7FEB9924}.Profiling|x86.ActiveCfg = Release|x86
		{B2EEF736-8F0A-4C64-AB2F-4BEC7FEB9924}.Profiling|x86.Build.0 = Release|x86
		{B2EEF736-8F0A-4C64-AB2F-4BEC7FEB9924}.Release Profiling|Win32.ActiveCfg = Release|x86
		{B2EEF736-8F0A-4C64-AB2F-4BEC7FEB9924}.Release Profiling|Win32.Build.0 = Release|x86
		{B2EEF736-8F0A-4C64-AB2F-4BEC7FEB9924}.Release Profiling|x64.ActiveCfg = Release|x64
		{B2EEF736-8F0A-4C64-AB2F-4BEC7FEB9924}.Release Profiling|x64.Build.0 = Release|x64
		{B2EEF736-8F0A-4C64-AB2F-4BEC7FEB9924}.Release Profiling|x86.ActiveCfg = Release|x86
		{B2EEF736-8F0A-4C64-AB2F-4BEC7FEB9924}.Release Profiling|x86.Build.0 = Release|x86
		{B2EEF736-8F0A-4C64-AB2F-4BEC7FEB9924}.Release|Win32.ActiveCfg = Release|x86
		{B2EEF736-8F0A-4C64-AB2F-4BEC7FEB9924}.Release|Win32.Build.0 = Release|x86
		{B2EEF736-8F0A-4C64-AB2F-4BEC7FEB9924}.Release|x64.ActiveCfg = Release|x64
		{B2EEF736-8F0A-4C64-AB2F-4BEC7FEB9924}.Release|x64.Build.0 = Release|x64
		{B2EEF736-8F0A-4C64-AB2F-4BEC7FEB9924}.Release|x86.ActiveCfg = Release|x86
		{B2EEF736-8F0A-4C64-AB2F-4BEC7FEB9924}.Release|x86.Build.0 = Release|x86
		{8F5937BA-4F3A-43FD-BEC5-90DDBB32C903}.Debug|Win32.ActiveCfg = Debug|x86
		{8F5937BA-4F3A-43FD-BEC5-90DDBB32C903}.Debug|Win32.Build.0 = Debug|x86
		{8F5937BA-4F3A-43FD-BEC5-90DDBB32C903}.Debug|x64.ActiveCfg = Debug|x64
		{8F5937BA-4F3A-43FD-BEC5-90DDBB32C903}.Debug|x64.Build.0 = Debug|x64
		{8F5937BA-4F3A-43FD-BEC5-90DDBB32C903}.Debug|x86.ActiveCfg = Debug|x86
		{8F5937BA-4F3A-43FD-BEC5-90DDBB32C903}.Debug|x86.Build.0 = Debug|x86
		{8F5937BA-4F3A-43FD-BEC5-90DDBB32C903}.Profiling|Win32.ActiveCfg = Release|x86
		{8F5937BA-4F3A-43FD-BEC5-90DDBB32C903}.Profiling|Win32.Build.0 = Release|x86
		{8F5937BA-4F3A-43FD-BEC5-90DDBB32C903}.Profiling|x64.ActiveCfg = Release|x64
		{8F5937BA-4F3A-43FD-BEC5-90DDBB32C903}.Profiling|x64.Build.0 = Release|x64
		{8F5937BA-4F3A-43FD-BEC5-90DDBB32C903}.Profiling|x86.ActiveCfg = Release|x86
		{8F5937BA-4F3A-43FD-BEC5-90DDBB32C903}.Profiling|x86.Build.0 = Release|x86
		{8F5937BA-4F3A-43FD-BEC5-90DDBB32C903}.Release Profiling|Win32.ActiveCfg = Release|x86
		{8F5937BA-4F3A-43FD-BEC5-90DDBB32C903}.Release Profiling|Win32.Build.0 = Release|x86
		{8F5937BA-4F3A-43FD-BEC5-90DDBB32C903}.Release Profiling|x64.ActiveCfg = Release|x64
		{8F5937BA-4F3A-43FD-BEC5-90DDBB32C903}.Release Profiling|x64.Build.0 = Release|x64
		{8F5937BA-4F3A-43FD-BEC5-90DDBB32C903}.Release Profiling|x86.ActiveCfg = Release|x86
		{8F5937BA-4F3A-43FD-BEC5-90DDBB32C903}.Release Profiling|x86.Build.0 = Release|x86
		{8F5937BA-4F3A-43FD-BEC5-90DDBB32C903}.Release|Win32.ActiveCfg = Release|x86
		{8F5937BA-4F3A-43FD-BEC5-90DDBB32C903}.Release|Win32.Build.0 = Release|x86
		{8F5937BA-4F3A-43FD-BEC5-90DDBB32C903}.Release|x64.ActiveCfg = Release|x64
		{8F5937BA-4F3A-43FD-BEC5-90DDBB32C903}.Release|x64.Build.0 = Release|x64
		{8F5937BA-4F3A-43FD-BEC5-90DDBB32C903}.Release|x86.ActiveCfg = Release|x86
		{8F5937BA-4F3A-43FD-BEC5-90DDBB32C903}.Release|x86.Build.0 = Release|x86
		{BEFE76CC-ADFC-4ADB-9D97-9A62EE9AFBCB}.Debug|Win32.ActiveCfg = Debug|x86
		{BEFE76CC-ADFC-4ADB-9D97-9A62EE9AFBCB}.Debug|Win32.Build.0 = Debug|x86
		{BEFE76CC-ADFC-4ADB-9D97-9A62EE9AFBCB}.Debug|x64.ActiveCfg = Debug|x64
		{BEFE76CC-ADFC-4ADB-9D97-9A62EE9AFBCB}.Debug|x64.Build.0 = Debug|x64
		{BEFE76CC-ADFC-4ADB-9D97-9A62EE9AFBCB}.Debug|x86.ActiveCfg = Debug|x86
		{BEFE76CC-ADFC-4ADB-9D97-9A62EE9AFBCB}.Debug|x86.Build.0 = Debug|x86
		{BEFE76CC-ADFC-4ADB-9D97-9A62EE9AFBCB}.Profiling|Win32.ActiveCfg = Release|x86
		{BEFE76CC-ADFC-4ADB-9D97-9A62EE9AFBCB}.Profiling|Win32.Build.0 = Release|x86
		{BEFE76CC-ADFC-4ADB-9D97-9A62EE9AFBCB}.Profiling|x64.ActiveCfg = Release|x64
		{BEFE76CC-ADFC-4ADB-9D97-9A62EE9AFBCB}.Profiling|x64.Build.0 = Release|x64
		{BEFE76CC-ADFC-4ADB-9D97-9A62EE9AFBCB}.Profiling|x86.ActiveCfg = Release|x86
		{BEFE76CC-ADFC-4ADB-9D97-9A62EE9AFBCB}.Profiling|x86.Build.0 = Release|x86
		{BEFE76CC-ADFC-4ADB-9D97-9A62EE9AFBCB}.Release Profiling|Win32.ActiveCfg = Release|x86
		{BEFE76CC-ADFC-4ADB-9D97-9A62EE9AFBCB}.Release Profiling|Win32.Build.0 = Release|x86
		{BEFE76CC-ADFC-4ADB-9D97-9A62EE9AFBCB}.Release Profiling|x64.ActiveCfg = Release|x64
		{BEFE76CC-ADFC-4ADB-9D97-9A62EE9AFBCB}.Release Profiling|x64.Build.0 = Release|x64
		{BEFE76CC-ADFC-4ADB-9D97-9A62EE9AFBCB}.Release Profiling|x86.ActiveCfg = Release|x86
		{BEFE76CC-ADFC-4ADB-9D97-9A62EE9AFBCB}.Release Profiling|x86.Build.0 = Release|x86
		{BEFE76CC-ADFC-4ADB-9D97-9A62EE9AFBCB}.Release|Win32.ActiveCfg = Release|x86
		{BEFE76CC-ADFC-4ADB-9D97-9A62EE9AFBCB}.Release|Win32.Build.0 = Release|x86
		{BEFE76CC-ADFC-4ADB-9D97-9A62EE9AFBCB}.Release|x64.ActiveCfg = Release|x64
		{BEFE76CC-ADFC-4ADB-9D97-9A62EE9AFBCB}.Release|x64.Build.0 = Release|x64
		{BEFE76CC-ADFC-4ADB-9D97-9A62EE9AFBCB}.Release|x86.ActiveCfg = Release|x86
		{BEFE76CC-ADFC-4ADB-9D97-9A62EE9AFBCB}.Release|x86.Build.0 = Release|x86
		{D8921E28-C16E-47D9-A804-E64138E3A826}.Debug|Win32.ActiveCfg = Debug|x86
		{D8921E28-C16E-47D9-A804-E64138E3A826}.Debug|Win32.Build.0 = Debug|x86
		{D8921E28-C16E-47D9-A804-E64138E3A826}.Debug|x64.ActiveCfg = Debug|x64
		{D8921E28-C16E-47D9-A804-E64138E3A826}.Debug|x64.Build.0 = Debug|x64
		{D8921E28-C16E-47D9-A804-E64138E3A826}.Debug|x86.ActiveCfg = Debug|x86
		{D8921E28-C16E-47D9-A804-E64138E3A826}.Debug|x86.Build.0 = Debug|x86
		{D8921E28-C16E-47D9-A804-E64138E3A826}.Profiling|Win32.ActiveCfg = Release|x86
		{D8921E28-C16E-47D9-A804-E64138E3A826}.Profiling|Win32.Build.0 = Release|x86
		{D8921E28-C16E-47D9-A804-E64138E3A826}.Profiling|x64.ActiveCfg = Release|x64
		{D8921E28-C16E-47D9-A804-E64138E3A826}.Profiling|x64.Build.0 = Release|x64
		{D8921E28-C16E-47D9-A804-E64138E3A826}.Profiling|x86.ActiveCfg = Release|x86
		{D8921E28-C16E-47D9-A804-E64138E3A826}.Profiling|x86.Build.0 = Release|x86
		{D8921E28-C16E-47D9-A804-E64138E3A826}.Release Profiling|Win32.ActiveCfg = Release|x86
		{D8921E28-C16E-47D9-A804-E64138E3A826}.Release Profiling|Win32.Build.0 = Release|x86
		{D8921E28-C16E-47D9-A804-E64138E3A826}.Release Profiling|x64.ActiveCfg = Release|x64
		{D8921E28-C16E-47D9-A804-E64138E3A826}.Release Profiling|x64.Build.0 = Release|x64
		{D8921E28-C16E-47D9-A804-E64138E3A826}.Release Profiling|x86.ActiveCfg = Release|x86
		{D8921E28-C16E-47D9-A804-E64138E3A826}.Release Profiling|x86.Build.0 = Release|x86
		{D8921E28-C16E-47D9-A804-E64138E3A826}.Release|Win32.ActiveCfg = Release|x86
		{D8921E28-C16E-47D9-A804-E64138E3A826}.Release|Win32.Build.0 = Release|x86
		{D8921E28-C16E-47D9-A804-E64138E3A826}.Release|x64.ActiveCfg = Release|x64
		{D8921E28-C16E-47D9-A804-E64138E3A826}.Release|x64.Build.0 = Release|x64
		{D8921E28-C16E-47D9-A804-E64138E3A826}.Release|x86.ActiveCfg = Release|x86
		{D8921E28-C16E-47D9-A804-E64138E3A826}.Release|x86.Build.0 = Release|x86
	EndGlobalSection
	GlobalSection(SolutionProperties) = preSolution
		HideSolutionNode = FALSE
	EndGlobalSection
	GlobalSection(NestedProjects) = preSolution
		{720B613C-08A1-44EB-A5C0-7F35A16D7EC6} = {5B0F6980-745A-4FDA-A47F-03C5F4014CDC}
		{F708858D-F410-437B-997E-1373E44C5DA4} = {9E6A82BE-824C-4615-A27E-A96271E9CF47}
		{3A9C3694-8057-43E3-B9B0-1487DBF80CB1} = {9E6A82BE-824C-4615-A27E-A96271E9CF47}
		{A16BB20E-4E10-4C13-9BF4-F945FCE4E87C} = {519E692C-0BED-4B09-A725-0F289351D004}
		{B4A776E4-4C87-44B6-AFD6-A4996EE38330} = {519E692C-0BED-4B09-A725-0F289351D004}
		{4B1EDA49-44B3-49BC-9B5D-B3F602FDBDBD} = {519E692C-0BED-4B09-A725-0F289351D004}
		{67670ECC-FD00-4B7C-8748-00A168FA9768} = {519E692C-0BED-4B09-A725-0F289351D004}
		{10CE8BA0-3C27-46D3-ADD9-BE5BEDD474C4} = {5B0F6980-745A-4FDA-A47F-03C5F4014CDC}
		{B2EEF736-8F0A-4C64-AB2F-4BEC7FEB9924} = {5B0F6980-745A-4FDA-A47F-03C5F4014CDC}
		{8F5937BA-4F3A-43FD-BEC5-90DDBB32C903} = {9E6A82BE-824C-4615-A27E-A96271E9CF47}
		{BEFE76CC-ADFC-4ADB-9D97-9A62EE9AFBCB} = {9E6A82BE-824C-4615-A27E-A96271E9CF47}
	EndGlobalSection
EndGlobal
